
Microsoft Visual Studio Solution File, Format Version 12.00
# Visual Studio 15
Project("{FAE04EC0-301F-11D3-BF4B-00C04F79EFBC}") = "SimIO.Interfaces", "SimIO.Interfaces\SimIO.Interfaces.csproj", "{AD7DCCB5-C47B-48FE-A3BA-F15450E10565}"
EndProject
Project("{FAE04EC0-301F-11D3-BF4B-00C04F79EFBC}") = "SimIO.Helper", "SimIO.Helper\SimIO.Helper.csproj", "{154986DC-CE97-4F72-BF0D-5331D76FC3A1}"
EndProject
Project("{FAE04EC0-301F-11D3-BF4B-00C04F79EFBC}") = "SimIO.Packages", "SimIO.Packages\SimIO.Packages.csproj", "{B62EF5FD-ABCE-46E9-8CAA-CB71E2C3A204}"
EndProject
Project("{FAE04EC0-301F-11D3-BF4B-00C04F79EFBC}") = "SimIO.Tests", "SimIO.Tests\SimIO.Tests.csproj", "{13AE06E3-3F2C-41B0-9036-381014AC6A02}"
EndProject
Project("{2150E333-8FDC-42A3-9474-1A3956D46DE8}") = "Solution Items", "Solution Items", "{8FBF98E9-554F-4322-B627-4DF846FDBDEE}"
	ProjectSection(SolutionItems) = preProject
		..\README.md = ..\README.md
	EndProjectSection
EndProject
Global
	GlobalSection(SolutionConfigurationPlatforms) = preSolution
		Debug|Any CPU = Debug|Any CPU
		Release|Any CPU = Release|Any CPU
	EndGlobalSection
	GlobalSection(ProjectConfigurationPlatforms) = postSolution
		{AD7DCCB5-C47B-48FE-A3BA-F15450E10565}.Debug|Any CPU.ActiveCfg = Debug|Any CPU
		{AD7DCCB5-C47B-48FE-A3BA-F15450E10565}.Debug|Any CPU.Build.0 = Debug|Any CPU
		{AD7DCCB5-C47B-48FE-A3BA-F15450E10565}.Release|Any CPU.ActiveCfg = Release|Any CPU
		{AD7DCCB5-C47B-48FE-A3BA-F15450E10565}.Release|Any CPU.Build.0 = Release|Any CPU
		{154986DC-CE97-4F72-BF0D-5331D76FC3A1}.Debug|Any CPU.ActiveCfg = Debug|Any CPU
		{154986DC-CE97-4F72-BF0D-5331D76FC3A1}.Debug|Any CPU.Build.0 = Debug|Any CPU
		{154986DC-CE97-4F72-BF0D-5331D76FC3A1}.Release|Any CPU.ActiveCfg = Release|Any CPU
		{154986DC-CE97-4F72-BF0D-5331D76FC3A1}.Release|Any CPU.Build.0 = Release|Any CPU
		{B62EF5FD-ABCE-46E9-8CAA-CB71E2C3A204}.Debug|Any CPU.ActiveCfg = Debug|Any CPU
		{B62EF5FD-ABCE-46E9-8CAA-CB71E2C3A204}.Debug|Any CPU.Build.0 = Debug|Any CPU
		{B62EF5FD-ABCE-46E9-8CAA-CB71E2C3A204}.Release|Any CPU.ActiveCfg = Release|Any CPU
		{B62EF5FD-ABCE-46E9-8CAA-CB71E2C3A204}.Release|Any CPU.Build.0 = Release|Any CPU
		{13AE06E3-3F2C-41B0-9036-381014AC6A02}.Debug|Any CPU.ActiveCfg = Debug|Any CPU
		{13AE06E3-3F2C-41B0-9036-381014AC6A02}.Debug|Any CPU.Build.0 = Debug|Any CPU
		{13AE06E3-3F2C-41B0-9036-381014AC6A02}.Release|Any CPU.ActiveCfg = Release|Any CPU
		{13AE06E3-3F2C-41B0-9036-381014AC6A02}.Release|Any CPU.Build.0 = Release|Any CPU
	EndGlobalSection
EndGlobal
